
Microsoft Visual Studio Solution File, Format Version 12.00
# Visual Studio 15
VisualStudioVersion = 15.0.28307.902
MinimumVisualStudioVersion = 10.0.40219.1
Project("{FAE04EC0-301F-11D3-BF4B-00C04F79EFBC}") = "Demo4Pipeline", "Demo4Pipeline\Demo4Pipeline.csproj", "{72223C70-BFDE-44EC-95AD-57E436F9387E}"
EndProject
Global
	GlobalSection(SolutionConfigurationPlatforms) = preSolution
		Debug|Any CPU = Debug|Any CPU
		Release|Any CPU = Release|Any CPU
	EndGlobalSection
	GlobalSection(ProjectConfigurationPlatforms) = postSolution
		{72223C70-BFDE-44EC-95AD-57E436F9387E}.Debug|Any CPU.ActiveCfg = Debug|Any CPU
		{72223C70-BFDE-44EC-95AD-57E436F9387E}.Debug|Any CPU.Build.0 = Debug|Any CPU
		{72223C70-BFDE-44EC-95AD-57E436F9387E}.Release|Any CPU.ActiveCfg = Release|Any CPU
		{72223C70-BFDE-44EC-95AD-57E436F9387E}.Release|Any CPU.Build.0 = Release|Any CPU
	EndGlobalSection
	GlobalSection(SolutionProperties) = preSolution
		HideSolutionNode = FALSE
	EndGlobalSection
	GlobalSection(ExtensibilityGlobals) = postSolution
		SolutionGuid = {DF5F8A38-D9F6-4CA1-BA44-B8CE788AEE17}
	EndGlobalSection
EndGlobal
